// !$*UTF8*$!
{
	archiveVersion = 1;
	classes = {
	};
	objectVersion = 77;
	objects = {

/* Begin PBXBuildFile section */
		81C38C172DEA49D7008BDC67 /* Preview Assets.xcassets in Resources */ = {isa = PBXBuildFile; fileRef = 81C38C112DEA49D7008BDC67 /* Preview Assets.xcassets */; };
		81C38C182DEA49D7008BDC67 /* Assets.xcassets in Resources */ = {isa = PBXBuildFile; fileRef = 81C38C132DEA49D7008BDC67 /* Assets.xcassets */; };
		81C38C192DEA49D7008BDC67 /* DetailedListingView.swift in Sources */ = {isa = PBXBuildFile; fileRef = 81C38C142DEA49D7008BDC67 /* DetailedListingView.swift */; };
		81C38C1A2DEA49D7008BDC67 /* ElectricRideApp.swift in Sources */ = {isa = PBXBuildFile; fileRef = 81C38C152DEA49D7008BDC67 /* ElectricRideApp.swift */; };
		81C38C1F2DEA5081008BDC67 /* DetailedListing.swift in Sources */ = {isa = PBXBuildFile; fileRef = 81C38C1E2DEA5081008BDC67 /* DetailedListing.swift */; };
		81C38C212DEA518B008BDC67 /* DetailedListingViewModel.swift in Sources */ = {isa = PBXBuildFile; fileRef = 81C38C202DEA518B008BDC67 /* DetailedListingViewModel.swift */; };
		81C38C242DEA528E008BDC67 /* Auth in Frameworks */ = {isa = PBXBuildFile; productRef = 81C38C232DEA528E008BDC67 /* Auth */; };
		81C38C262DEA528E008BDC67 /* Functions in Frameworks */ = {isa = PBXBuildFile; productRef = 81C38C252DEA528E008BDC67 /* Functions */; };
		81C38C282DEA528E008BDC67 /* PostgREST in Frameworks */ = {isa = PBXBuildFile; productRef = 81C38C272DEA528E008BDC67 /* PostgREST */; };
		81C38C2A2DEA528E008BDC67 /* Realtime in Frameworks */ = {isa = PBXBuildFile; productRef = 81C38C292DEA528E008BDC67 /* Realtime */; };
		81C38C2C2DEA528E008BDC67 /* Storage in Frameworks */ = {isa = PBXBuildFile; productRef = 81C38C2B2DEA528E008BDC67 /* Storage */; };
		81C38C2E2DEA528E008BDC67 /* Supabase in Frameworks */ = {isa = PBXBuildFile; productRef = 81C38C2D2DEA528E008BDC67 /* Supabase */; };
		81C38C312DEA52E2008BDC67 /* Supabase.swift in Sources */ = {isa = PBXBuildFile; fileRef = 81C38C302DEA52DE008BDC67 /* Supabase.swift */; };
		81C38C362DEA53C2008BDC67 /* Logger.swift in Sources */ = {isa = PBXBuildFile; fileRef = 81C38C352DEA53C2008BDC67 /* Logger.swift */; };
		81C38C392DEA55CD008BDC67 /* IndividualListingRowView.swift in Sources */ = {isa = PBXBuildFile; fileRef = 81C38C382DEA55CD008BDC67 /* IndividualListingRowView.swift */; };
		81C38C3B2DEA5932008BDC67 /* KeyValueView.swift in Sources */ = {isa = PBXBuildFile; fileRef = 81C38C3A2DEA5932008BDC67 /* KeyValueView.swift */; };
		81C38C3D2DEA5948008BDC67 /* IndividualListingView.swift in Sources */ = {isa = PBXBuildFile; fileRef = 81C38C3C2DEA5948008BDC67 /* IndividualListingView.swift */; };
		81C38C3F2DEB3451008BDC67 /* VehicleCountByBrand.swift in Sources */ = {isa = PBXBuildFile; fileRef = 81C38C3E2DEB3451008BDC67 /* VehicleCountByBrand.swift */; };
		81C38C412DEB3544008BDC67 /* VehicleCountByBrandViewModel.swift in Sources */ = {isa = PBXBuildFile; fileRef = 81C38C402DEB353E008BDC67 /* VehicleCountByBrandViewModel.swift */; };
		81C38C432DEB36C9008BDC67 /* VehicleCountByBrandView.swift in Sources */ = {isa = PBXBuildFile; fileRef = 81C38C422DEB36C9008BDC67 /* VehicleCountByBrandView.swift */; };
		81C38C452DEB3A2C008BDC67 /* WelcomeView.swift in Sources */ = {isa = PBXBuildFile; fileRef = 81C38C442DEB3A2C008BDC67 /* WelcomeView.swift */; };
/* End PBXBuildFile section */

/* Begin PBXFileReference section */
		81C38C002DEA3504008BDC67 /* ElectricRide.app */ = {isa = PBXFileReference; explicitFileType = wrapper.application; includeInIndex = 0; path = ElectricRide.app; sourceTree = BUILT_PRODUCTS_DIR; };
		81C38C112DEA49D7008BDC67 /* Preview Assets.xcassets */ = {isa = PBXFileReference; lastKnownFileType = folder.assetcatalog; path = "Preview Assets.xcassets"; sourceTree = "<group>"; };
		81C38C132DEA49D7008BDC67 /* Assets.xcassets */ = {isa = PBXFileReference; lastKnownFileType = folder.assetcatalog; path = Assets.xcassets; sourceTree = "<group>"; };
		81C38C142DEA49D7008BDC67 /* DetailedListingView.swift */ = {isa = PBXFileReference; lastKnownFileType = sourcecode.swift; path = DetailedListingView.swift; sourceTree = "<group>"; };
		81C38C152DEA49D7008BDC67 /* ElectricRideApp.swift */ = {isa = PBXFileReference; lastKnownFileType = sourcecode.swift; path = ElectricRideApp.swift; sourceTree = "<group>"; };
		81C38C1E2DEA5081008BDC67 /* DetailedListing.swift */ = {isa = PBXFileReference; lastKnownFileType = sourcecode.swift; path = DetailedListing.swift; sourceTree = "<group>"; };
		81C38C202DEA518B008BDC67 /* DetailedListingViewModel.swift */ = {isa = PBXFileReference; lastKnownFileType = sourcecode.swift; path = DetailedListingViewModel.swift; sourceTree = "<group>"; };
		81C38C302DEA52DE008BDC67 /* Supabase.swift */ = {isa = PBXFileReference; lastKnownFileType = sourcecode.swift; path = Supabase.swift; sourceTree = "<group>"; };
		81C38C352DEA53C2008BDC67 /* Logger.swift */ = {isa = PBXFileReference; lastKnownFileType = sourcecode.swift; path = Logger.swift; sourceTree = "<group>"; };
		81C38C382DEA55CD008BDC67 /* IndividualListingRowView.swift */ = {isa = PBXFileReference; lastKnownFileType = sourcecode.swift; path = IndividualListingRowView.swift; sourceTree = "<group>"; };
		81C38C3A2DEA5932008BDC67 /* KeyValueView.swift */ = {isa = PBXFileReference; lastKnownFileType = sourcecode.swift; path = KeyValueView.swift; sourceTree = "<group>"; };
		81C38C3C2DEA5948008BDC67 /* IndividualListingView.swift */ = {isa = PBXFileReference; lastKnownFileType = sourcecode.swift; path = IndividualListingView.swift; sourceTree = "<group>"; };
		81C38C3E2DEB3451008BDC67 /* VehicleCountByBrand.swift */ = {isa = PBXFileReference; lastKnownFileType = sourcecode.swift; path = VehicleCountByBrand.swift; sourceTree = "<group>"; };
		81C38C402DEB353E008BDC67 /* VehicleCountByBrandViewModel.swift */ = {isa = PBXFileReference; lastKnownFileType = sourcecode.swift; path = VehicleCountByBrandViewModel.swift; sourceTree = "<group>"; };
		81C38C422DEB36C9008BDC67 /* VehicleCountByBrandView.swift */ = {isa = PBXFileReference; lastKnownFileType = sourcecode.swift; path = VehicleCountByBrandView.swift; sourceTree = "<group>"; };
		81C38C442DEB3A2C008BDC67 /* WelcomeView.swift */ = {isa = PBXFileReference; lastKnownFileType = sourcecode.swift; path = WelcomeView.swift; sourceTree = "<group>"; };
/* End PBXFileReference section */

/* Begin PBXFrameworksBuildPhase section */
		81C38BFD2DEA3504008BDC67 /* Frameworks */ = {
			isa = PBXFrameworksBuildPhase;
			buildActionMask = 2147483647;
			files = (
				81C38C282DEA528E008BDC67 /* PostgREST in Frameworks */,
				81C38C262DEA528E008BDC67 /* Functions in Frameworks */,
				81C38C2E2DEA528E008BDC67 /* Supabase in Frameworks */,
				81C38C242DEA528E008BDC67 /* Auth in Frameworks */,
				81C38C2C2DEA528E008BDC67 /* Storage in Frameworks */,
				81C38C2A2DEA528E008BDC67 /* Realtime in Frameworks */,
			);
			runOnlyForDeploymentPostprocessing = 0;
		};
/* End PBXFrameworksBuildPhase section */

/* Begin PBXGroup section */
		81C38BF72DEA3504008BDC67 = {
			isa = PBXGroup;
			children = (
				81C38C162DEA49D7008BDC67 /* ElectricRide */,
				81C38C012DEA3504008BDC67 /* Products */,
			);
			sourceTree = "<group>";
		};
		81C38C012DEA3504008BDC67 /* Products */ = {
			isa = PBXGroup;
			children = (
				81C38C002DEA3504008BDC67 /* ElectricRide.app */,
			);
			name = Products;
			sourceTree = "<group>";
		};
		81C38C122DEA49D7008BDC67 /* Preview Content */ = {
			isa = PBXGroup;
			children = (
				81C38C112DEA49D7008BDC67 /* Preview Assets.xcassets */,
			);
			path = "Preview Content";
			sourceTree = "<group>";
		};
		81C38C162DEA49D7008BDC67 /* ElectricRide */ = {
			isa = PBXGroup;
			children = (
				81C38C152DEA49D7008BDC67 /* ElectricRideApp.swift */,
				81C38C2F2DEA52D6008BDC67 /* Helpers */,
				81C38C322DEA5382008BDC67 /* Logging */,
				81C38C1B2DEA49DF008BDC67 /* Model */,
				81C38C1C2DEA49E4008BDC67 /* ViewModels */,
				81C38C1D2DEA49EC008BDC67 /* Views */,
				81C38C122DEA49D7008BDC67 /* Preview Content */,
				81C38C132DEA49D7008BDC67 /* Assets.xcassets */,
			);
			path = ElectricRide;
			sourceTree = "<group>";
		};
		81C38C1B2DEA49DF008BDC67 /* Model */ = {
			isa = PBXGroup;
			children = (
				81C38C1E2DEA5081008BDC67 /* DetailedListing.swift */,
				81C38C3E2DEB3451008BDC67 /* VehicleCountByBrand.swift */,
			);
			path = Model;
			sourceTree = "<group>";
		};
		81C38C1C2DEA49E4008BDC67 /* ViewModels */ = {
			isa = PBXGroup;
			children = (
				81C38C402DEB353E008BDC67 /* VehicleCountByBrandViewModel.swift */,
				81C38C202DEA518B008BDC67 /* DetailedListingViewModel.swift */,
			);
			path = ViewModels;
			sourceTree = "<group>";
		};
		81C38C1D2DEA49EC008BDC67 /* Views */ = {
			isa = PBXGroup;
			children = (
				81C38C372DEA557F008BDC67 /* Helpers */,
				81C38C142DEA49D7008BDC67 /* DetailedListingView.swift */,
				81C38C422DEB36C9008BDC67 /* VehicleCountByBrandView.swift */,
				81C38C442DEB3A2C008BDC67 /* WelcomeView.swift */,
			);
			path = Views;
			sourceTree = "<group>";
		};
		81C38C2F2DEA52D6008BDC67 /* Helpers */ = {
			isa = PBXGroup;
			children = (
				81C38C302DEA52DE008BDC67 /* Supabase.swift */,
			);
			path = Helpers;
			sourceTree = "<group>";
		};
		81C38C322DEA5382008BDC67 /* Logging */ = {
			isa = PBXGroup;
			children = (
				81C38C352DEA53C2008BDC67 /* Logger.swift */,
			);
			path = Logging;
			sourceTree = "<group>";
		};
		81C38C372DEA557F008BDC67 /* Helpers */ = {
			isa = PBXGroup;
			children = (
				81C38C3C2DEA5948008BDC67 /* IndividualListingView.swift */,
				81C38C3A2DEA5932008BDC67 /* KeyValueView.swift */,
				81C38C382DEA55CD008BDC67 /* IndividualListingRowView.swift */,
			);
			path = Helpers;
			sourceTree = "<group>";
		};
/* End PBXGroup section */

/* Begin PBXNativeTarget section */
		81C38BFF2DEA3504008BDC67 /* ElectricRide */ = {
			isa = PBXNativeTarget;
			buildConfigurationList = 81C38C0E2DEA3506008BDC67 /* Build configuration list for PBXNativeTarget "ElectricRide" */;
			buildPhases = (
				81C38BFC2DEA3504008BDC67 /* Sources */,
				81C38BFD2DEA3504008BDC67 /* Frameworks */,
				81C38BFE2DEA3504008BDC67 /* Resources */,
			);
			buildRules = (
			);
			dependencies = (
			);
			name = ElectricRide;
			packageProductDependencies = (
				81C38C232DEA528E008BDC67 /* Auth */,
				81C38C252DEA528E008BDC67 /* Functions */,
				81C38C272DEA528E008BDC67 /* PostgREST */,
				81C38C292DEA528E008BDC67 /* Realtime */,
				81C38C2B2DEA528E008BDC67 /* Storage */,
				81C38C2D2DEA528E008BDC67 /* Supabase */,
			);
			productName = ElectricRide;
			productReference = 81C38C002DEA3504008BDC67 /* ElectricRide.app */;
			productType = "com.apple.product-type.application";
		};
/* End PBXNativeTarget section */

/* Begin PBXProject section */
		81C38BF82DEA3504008BDC67 /* Project object */ = {
			isa = PBXProject;
			attributes = {
				BuildIndependentTargetsInParallel = 1;
				LastSwiftUpdateCheck = 1620;
				LastUpgradeCheck = 1620;
				TargetAttributes = {
					81C38BFF2DEA3504008BDC67 = {
						CreatedOnToolsVersion = 16.2;
					};
				};
			};
			buildConfigurationList = 81C38BFB2DEA3504008BDC67 /* Build configuration list for PBXProject "ElectricRide" */;
			developmentRegion = en;
			hasScannedForEncodings = 0;
			knownRegions = (
				en,
				Base,
			);
			mainGroup = 81C38BF72DEA3504008BDC67;
			minimizedProjectReferenceProxies = 1;
			packageReferences = (
				81C38C222DEA528E008BDC67 /* XCRemoteSwiftPackageReference "supabase-swift" */,
			);
			preferredProjectObjectVersion = 77;
			productRefGroup = 81C38C012DEA3504008BDC67 /* Products */;
			projectDirPath = "";
			projectRoot = "";
			targets = (
				81C38BFF2DEA3504008BDC67 /* ElectricRide */,
			);
		};
/* End PBXProject section */

/* Begin PBXResourcesBuildPhase section */
		81C38BFE2DEA3504008BDC67 /* Resources */ = {
			isa = PBXResourcesBuildPhase;
			buildActionMask = 2147483647;
			files = (
				81C38C172DEA49D7008BDC67 /* Preview Assets.xcassets in Resources */,
				81C38C182DEA49D7008BDC67 /* Assets.xcassets in Resources */,
			);
			runOnlyForDeploymentPostprocessing = 0;
		};
/* End PBXResourcesBuildPhase section */

/* Begin PBXSourcesBuildPhase section */
		81C38BFC2DEA3504008BDC67 /* Sources */ = {
			isa = PBXSourcesBuildPhase;
			buildActionMask = 2147483647;
			files = (
				81C38C312DEA52E2008BDC67 /* Supabase.swift in Sources */,
				81C38C412DEB3544008BDC67 /* VehicleCountByBrandViewModel.swift in Sources */,
				81C38C3F2DEB3451008BDC67 /* VehicleCountByBrand.swift in Sources */,
				81C38C362DEA53C2008BDC67 /* Logger.swift in Sources */,
				81C38C3B2DEA5932008BDC67 /* KeyValueView.swift in Sources */,
				81C38C192DEA49D7008BDC67 /* DetailedListingView.swift in Sources */,
				81C38C432DEB36C9008BDC67 /* VehicleCountByBrandView.swift in Sources */,
				81C38C452DEB3A2C008BDC67 /* WelcomeView.swift in Sources */,
				81C38C3D2DEA5948008BDC67 /* IndividualListingView.swift in Sources */,
				81C38C1F2DEA5081008BDC67 /* DetailedListing.swift in Sources */,
				81C38C1A2DEA49D7008BDC67 /* ElectricRideApp.swift in Sources */,
				81C38C212DEA518B008BDC67 /* DetailedListingViewModel.swift in Sources */,
				81C38C392DEA55CD008BDC67 /* IndividualListingRowView.swift in Sources */,
			);
			runOnlyForDeploymentPostprocessing = 0;
		};
/* End PBXSourcesBuildPhase section */

/* Begin XCBuildConfiguration section */
		81C38C0C2DEA3506008BDC67 /* Debug */ = {
			isa = XCBuildConfiguration;
			buildSettings = {
				ALWAYS_SEARCH_USER_PATHS = NO;
				ASSETCATALOG_COMPILER_GENERATE_SWIFT_ASSET_SYMBOL_EXTENSIONS = YES;
				CLANG_ANALYZER_NONNULL = YES;
				CLANG_ANALYZER_NUMBER_OBJECT_CONVERSION = YES_AGGRESSIVE;
				CLANG_CXX_LANGUAGE_STANDARD = "gnu++20";
				CLANG_ENABLE_MODULES = YES;
				CLANG_ENABLE_OBJC_ARC = YES;
				CLANG_ENABLE_OBJC_WEAK = YES;
				CLANG_WARN_BLOCK_CAPTURE_AUTORELEASING = YES;
				CLANG_WARN_BOOL_CONVERSION = YES;
				CLANG_WARN_COMMA = YES;
				CLANG_WARN_CONSTANT_CONVERSION = YES;
				CLANG_WARN_DEPRECATED_OBJC_IMPLEMENTATIONS = YES;
				CLANG_WARN_DIRECT_OBJC_ISA_USAGE = YES_ERROR;
				CLANG_WARN_DOCUMENTATION_COMMENTS = YES;
				CLANG_WARN_EMPTY_BODY = YES;
				CLANG_WARN_ENUM_CONVERSION = YES;
				CLANG_WARN_INFINITE_RECURSION = YES;
				CLANG_WARN_INT_CONVERSION = YES;
				CLANG_WARN_NON_LITERAL_NULL_CONVERSION = YES;
				CLANG_WARN_OBJC_IMPLICIT_RETAIN_SELF = YES;
				CLANG_WARN_OBJC_LITERAL_CONVERSION = YES;
				CLANG_WARN_OBJC_ROOT_CLASS = YES_ERROR;
				CLANG_WARN_QUOTED_INCLUDE_IN_FRAMEWORK_HEADER = YES;
				CLANG_WARN_RANGE_LOOP_ANALYSIS = YES;
				CLANG_WARN_STRICT_PROTOTYPES = YES;
				CLANG_WARN_SUSPICIOUS_MOVE = YES;
				CLANG_WARN_UNGUARDED_AVAILABILITY = YES_AGGRESSIVE;
				CLANG_WARN_UNREACHABLE_CODE = YES;
				CLANG_WARN__DUPLICATE_METHOD_MATCH = YES;
				COPY_PHASE_STRIP = NO;
				DEBUG_INFORMATION_FORMAT = dwarf;
				ENABLE_STRICT_OBJC_MSGSEND = YES;
				ENABLE_TESTABILITY = YES;
				ENABLE_USER_SCRIPT_SANDBOXING = YES;
				GCC_C_LANGUAGE_STANDARD = gnu17;
				GCC_DYNAMIC_NO_PIC = NO;
				GCC_NO_COMMON_BLOCKS = YES;
				GCC_OPTIMIZATION_LEVEL = 0;
				GCC_PREPROCESSOR_DEFINITIONS = (
					"DEBUG=1",
					"$(inherited)",
				);
				GCC_WARN_64_TO_32_BIT_CONVERSION = YES;
				GCC_WARN_ABOUT_RETURN_TYPE = YES_ERROR;
				GCC_WARN_UNDECLARED_SELECTOR = YES;
				GCC_WARN_UNINITIALIZED_AUTOS = YES_AGGRESSIVE;
				GCC_WARN_UNUSED_FUNCTION = YES;
				GCC_WARN_UNUSED_VARIABLE = YES;
				IPHONEOS_DEPLOYMENT_TARGET = 18.2;
				LOCALIZATION_PREFERS_STRING_CATALOGS = YES;
				MTL_ENABLE_DEBUG_INFO = INCLUDE_SOURCE;
				MTL_FAST_MATH = YES;
				ONLY_ACTIVE_ARCH = YES;
				SDKROOT = iphoneos;
				SWIFT_ACTIVE_COMPILATION_CONDITIONS = "DEBUG $(inherited)";
				SWIFT_OPTIMIZATION_LEVEL = "-Onone";
			};
			name = Debug;
		};
		81C38C0D2DEA3506008BDC67 /* Release */ = {
			isa = XCBuildConfiguration;
			buildSettings = {
				ALWAYS_SEARCH_USER_PATHS = NO;
				ASSETCATALOG_COMPILER_GENERATE_SWIFT_ASSET_SYMBOL_EXTENSIONS = YES;
				CLANG_ANALYZER_NONNULL = YES;
				CLANG_ANALYZER_NUMBER_OBJECT_CONVERSION = YES_AGGRESSIVE;
				CLANG_CXX_LANGUAGE_STANDARD = "gnu++20";
				CLANG_ENABLE_MODULES = YES;
				CLANG_ENABLE_OBJC_ARC = YES;
				CLANG_ENABLE_OBJC_WEAK = YES;
				CLANG_WARN_BLOCK_CAPTURE_AUTORELEASING = YES;
				CLANG_WARN_BOOL_CONVERSION = YES;
				CLANG_WARN_COMMA = YES;
				CLANG_WARN_CONSTANT_CONVERSION = YES;
				CLANG_WARN_DEPRECATED_OBJC_IMPLEMENTATIONS = YES;
				CLANG_WARN_DIRECT_OBJC_ISA_USAGE = YES_ERROR;
				CLANG_WARN_DOCUMENTATION_COMMENTS = YES;
				CLANG_WARN_EMPTY_BODY = YES;
				CLANG_WARN_ENUM_CONVERSION = YES;
				CLANG_WARN_INFINITE_RECURSION = YES;
				CLANG_WARN_INT_CONVERSION = YES;
				CLANG_WARN_NON_LITERAL_NULL_CONVERSION = YES;
				CLANG_WARN_OBJC_IMPLICIT_RETAIN_SELF = YES;
				CLANG_WARN_OBJC_LITERAL_CONVERSION = YES;
				CLANG_WARN_OBJC_ROOT_CLASS = YES_ERROR;
				CLANG_WARN_QUOTED_INCLUDE_IN_FRAMEWORK_HEADER = YES;
				CLANG_WARN_RANGE_LOOP_ANALYSIS = YES;
				CLANG_WARN_STRICT_PROTOTYPES = YES;
				CLANG_WARN_SUSPICIOUS_MOVE = YES;
				CLANG_WARN_UNGUARDED_AVAILABILITY = YES_AGGRESSIVE;
				CLANG_WARN_UNREACHABLE_CODE = YES;
				CLANG_WARN__DUPLICATE_METHOD_MATCH = YES;
				COPY_PHASE_STRIP = NO;
				DEBUG_INFORMATION_FORMAT = "dwarf-with-dsym";
				ENABLE_NS_ASSERTIONS = NO;
				ENABLE_STRICT_OBJC_MSGSEND = YES;
				ENABLE_USER_SCRIPT_SANDBOXING = YES;
				GCC_C_LANGUAGE_STANDARD = gnu17;
				GCC_NO_COMMON_BLOCKS = YES;
				GCC_WARN_64_TO_32_BIT_CONVERSION = YES;
				GCC_WARN_ABOUT_RETURN_TYPE = YES_ERROR;
				GCC_WARN_UNDECLARED_SELECTOR = YES;
				GCC_WARN_UNINITIALIZED_AUTOS = YES_AGGRESSIVE;
				GCC_WARN_UNUSED_FUNCTION = YES;
				GCC_WARN_UNUSED_VARIABLE = YES;
				IPHONEOS_DEPLOYMENT_TARGET = 18.2;
				LOCALIZATION_PREFERS_STRING_CATALOGS = YES;
				MTL_ENABLE_DEBUG_INFO = NO;
				MTL_FAST_MATH = YES;
				SDKROOT = iphoneos;
				SWIFT_COMPILATION_MODE = wholemodule;
				VALIDATE_PRODUCT = YES;
			};
			name = Release;
		};
		81C38C0F2DEA3506008BDC67 /* Debug */ = {
			isa = XCBuildConfiguration;
			buildSettings = {
				ASSETCATALOG_COMPILER_APPICON_NAME = AppIcon;
				ASSETCATALOG_COMPILER_GLOBAL_ACCENT_COLOR_NAME = AccentColor;
				CODE_SIGN_STYLE = Automatic;
				CURRENT_PROJECT_VERSION = 1;
				DEVELOPMENT_ASSET_PATHS = "\"ElectricRide/Preview Content\"";
				DEVELOPMENT_TEAM = 4UG443984D;
				ENABLE_PREVIEWS = YES;
				GENERATE_INFOPLIST_FILE = YES;
				INFOPLIST_KEY_UIApplicationSceneManifest_Generation = YES;
				INFOPLIST_KEY_UIApplicationSupportsIndirectInputEvents = YES;
				INFOPLIST_KEY_UILaunchScreen_Generation = YES;
				INFOPLIST_KEY_UISupportedInterfaceOrientations_iPad = "UIInterfaceOrientationPortrait UIInterfaceOrientationPortraitUpsideDown UIInterfaceOrientationLandscapeLeft UIInterfaceOrientationLandscapeRight";
				INFOPLIST_KEY_UISupportedInterfaceOrientations_iPhone = "UIInterfaceOrientationPortrait UIInterfaceOrientationLandscapeLeft UIInterfaceOrientationLandscapeRight";
				LD_RUNPATH_SEARCH_PATHS = (
					"$(inherited)",
					"@executable_path/Frameworks",
				);
				MARKETING_VERSION = 1.0;
				PRODUCT_BUNDLE_IDENTIFIER = ca.russellgordon.ElectricRide;
				PRODUCT_NAME = "$(TARGET_NAME)";
				SWIFT_EMIT_LOC_STRINGS = YES;
				SWIFT_VERSION = 5.0;
				TARGETED_DEVICE_FAMILY = "1,2";
			};
			name = Debug;
		};
		81C38C102DEA3506008BDC67 /* Release */ = {
			isa = XCBuildConfiguration;
			buildSettings = {
				ASSETCATALOG_COMPILER_APPICON_NAME = AppIcon;
				ASSETCATALOG_COMPILER_GLOBAL_ACCENT_COLOR_NAME = AccentColor;
				CODE_SIGN_STYLE = Automatic;
				CURRENT_PROJECT_VERSION = 1;
				DEVELOPMENT_ASSET_PATHS = "\"ElectricRide/Preview Content\"";
				DEVELOPMENT_TEAM = 4UG443984D;
				ENABLE_PREVIEWS = YES;
				GENERATE_INFOPLIST_FILE = YES;
				INFOPLIST_KEY_UIApplicationSceneManifest_Generation = YES;
				INFOPLIST_KEY_UIApplicationSupportsIndirectInputEvents = YES;
				INFOPLIST_KEY_UILaunchScreen_Generation = YES;
				INFOPLIST_KEY_UISupportedInterfaceOrientations_iPad = "UIInterfaceOrientationPortrait UIInterfaceOrientationPortraitUpsideDown UIInterfaceOrientationLandscapeLeft UIInterfaceOrientationLandscapeRight";
				INFOPLIST_KEY_UISupportedInterfaceOrientations_iPhone = "UIInterfaceOrientationPortrait UIInterfaceOrientationLandscapeLeft UIInterfaceOrientationLandscapeRight";
				LD_RUNPATH_SEARCH_PATHS = (
					"$(inherited)",
					"@executable_path/Frameworks",
				);
				MARKETING_VERSION = 1.0;
				PRODUCT_BUNDLE_IDENTIFIER = ca.russellgordon.ElectricRide;
				PRODUCT_NAME = "$(TARGET_NAME)";
				SWIFT_EMIT_LOC_STRINGS = YES;
				SWIFT_VERSION = 5.0;
				TARGETED_DEVICE_FAMILY = "1,2";
			};
			name = Release;
		};
/* End XCBuildConfiguration section */

/* Begin XCConfigurationList section */
		81C38BFB2DEA3504008BDC67 /* Build configuration list for PBXProject "ElectricRide" */ = {
			isa = XCConfigurationList;
			buildConfigurations = (
				81C38C0C2DEA3506008BDC67 /* Debug */,
				81C38C0D2DEA3506008BDC67 /* Release */,
			);
			defaultConfigurationIsVisible = 0;
			defaultConfigurationName = Release;
		};
		81C38C0E2DEA3506008BDC67 /* Build configuration list for PBXNativeTarget "ElectricRide" */ = {
			isa = XCConfigurationList;
			buildConfigurations = (
				81C38C0F2DEA3506008BDC67 /* Debug */,
				81C38C102DEA3506008BDC67 /* Release */,
			);
			defaultConfigurationIsVisible = 0;
			defaultConfigurationName = Release;
		};
/* End XCConfigurationList section */

/* Begin XCRemoteSwiftPackageReference section */
		81C38C222DEA528E008BDC67 /* XCRemoteSwiftPackageReference "supabase-swift" */ = {
			isa = XCRemoteSwiftPackageReference;
			repositoryURL = "https://github.com/supabase-community/supabase-swift";
			requirement = {
				kind = exactVersion;
				version = 2.24.1;
			};
		};
/* End XCRemoteSwiftPackageReference section */

/* Begin XCSwiftPackageProductDependency section */
		81C38C232DEA528E008BDC67 /* Auth */ = {
			isa = XCSwiftPackageProductDependency;
			package = 81C38C222DEA528E008BDC67 /* XCRemoteSwiftPackageReference "supabase-swift" */;
			productName = Auth;
		};
		81C38C252DEA528E008BDC67 /* Functions */ = {
			isa = XCSwiftPackageProductDependency;
			package = 81C38C222DEA528E008BDC67 /* XCRemoteSwiftPackageReference "supabase-swift" */;
			productName = Functions;
		};
		81C38C272DEA528E008BDC67 /* PostgREST */ = {
			isa = XCSwiftPackageProductDependency;
			package = 81C38C222DEA528E008BDC67 /* XCRemoteSwiftPackageReference "supabase-swift" */;
			productName = PostgREST;
		};
		81C38C292DEA528E008BDC67 /* Realtime */ = {
			isa = XCSwiftPackageProductDependency;
			package = 81C38C222DEA528E008BDC67 /* XCRemoteSwiftPackageReference "supabase-swift" */;
			productName = Realtime;
		};
		81C38C2B2DEA528E008BDC67 /* Storage */ = {
			isa = XCSwiftPackageProductDependency;
			package = 81C38C222DEA528E008BDC67 /* XCRemoteSwiftPackageReference "supabase-swift" */;
			productName = Storage;
		};
		81C38C2D2DEA528E008BDC67 /* Supabase */ = {
			isa = XCSwiftPackageProductDependency;
			package = 81C38C222DEA528E008BDC67 /* XCRemoteSwiftPackageReference "supabase-swift" */;
			productName = Supabase;
		};
/* End XCSwiftPackageProductDependency section */
	};
	rootObject = 81C38BF82DEA3504008BDC67 /* Project object */;
}
